PODS:
  - Alamofire (4.7.3)
  - AMap2DMap (5.6.0):
    - AMapFoundation (~> 1.4)
  - AMapFoundation (1.5.3)
  - AMapLocation (2.6.0):
    - AMapFoundation (~> 1.4)
  - AMapSearch (6.1.1):
    - AMapFoundation (~> 1.4)
  - MJRefresh (3.1.15.3)
  - SlideMenuControllerSwift (4.0.0)
  - SnapKit (4.0.0)

DEPENDENCIES:
  - Alamofire (~> 4.7)
  - AMap2DMap
  - AMapLocation
  - AMapSearch
  - MJRefresh
  - SlideMenuControllerSwift
  - SnapKit (~> 4.0.0)

SPEC CHECKSUMS:
  Alamofire: c7287b6e5d7da964a70935e5db17046b7fde6568
  AMap2DMap: cf0bfd6ae97951b55cc061903b814f924ba6c221
  AMapFoundation: 58f883c80754c659cf626deb3150936bfe8f1772
  AMapLocation: 55116a2c8956eab7550cbb56e989aa5cdcc424e3
  AMapSearch: 3dcbf85c403a2a0fe0eda5318caabc272b31f5e1
  MJRefresh: b48380ae2b927b46c4ef000de9adb8dc748e1df7
  SlideMenuControllerSwift: 021d6318201c53d4d4d3710517d43d6c556c7dd0
  SnapKit: a42d492c16e80209130a3379f73596c3454b7694

PODFILE CHECKSUM: 203b5f1b63c0afa143fecb70edb3ddd22d57aaaa

COCOAPODS: 1.2.0
