// !$*UTF8*$!
{
	archiveVersion = 1;
	classes = {
	};
	objectVersion = 48;
	objects = {

/* Begin PBXBuildFile section */
		2002E9C19EE3A6BA05A2AFF1 /* Pods_MaintainDriverClientUITests.framework in Frameworks */ = {isa = PBXBuildFile; fileRef = F9458DD492F1C2EBB7A4F0DC /* Pods_MaintainDriverClientUITests.framework */; };
		295D3709D0AC2D2874E51AC7 /* Pods_MaintainDriverClientTests.framework in Frameworks */ = {isa = PBXBuildFile; fileRef = 840F6F2F741E381F5A662F82 /* Pods_MaintainDriverClientTests.framework */; };
		ADC8A0301EB8B7BA103F2CCE /* Pods_MaintainDriverClient.framework in Frameworks */ = {isa = PBXBuildFile; fileRef = 90A0C4BCEC64F8C1F9DCD95D /* Pods_MaintainDriverClient.framework */; };
		F5031F97212126E500329BC0 /* MPConstant.swift in Sources */ = {isa = PBXBuildFile; fileRef = F5031F96212126E500329BC0 /* MPConstant.swift */; };
		F50D4DE1211823F5006C50C7 /* UIImageView+LBBlurredImage.m in Sources */ = {isa = PBXBuildFile; fileRef = F50D4DE0211823F5006C50C7 /* UIImageView+LBBlurredImage.m */; };
		F50D4DE821183E3D006C50C7 /* MPYearCheckViewController.swift in Sources */ = {isa = PBXBuildFile; fileRef = F50D4DE721183E3D006C50C7 /* MPYearCheckViewController.swift */; };
		F50D4DEE21185668006C50C7 /* MPQuCheViewController1.swift in Sources */ = {isa = PBXBuildFile; fileRef = F50D4DED21185668006C50C7 /* MPQuCheViewController1.swift */; };
		F50D4DF02118567D006C50C7 /* MPQuCheViewController2.swift in Sources */ = {isa = PBXBuildFile; fileRef = F50D4DEF2118567D006C50C7 /* MPQuCheViewController2.swift */; };
		F52A5812211974520054B90D /* MPStartYearCheckViewController.swift in Sources */ = {isa = PBXBuildFile; fileRef = F52A5811211974520054B90D /* MPStartYearCheckViewController.swift */; };
		F52A5818211991160054B90D /* MPStartYearCheckViewController2.swift in Sources */ = {isa = PBXBuildFile; fileRef = F52A5817211991160054B90D /* MPStartYearCheckViewController2.swift */; };
		F52A581A211993700054B90D /* MPCheckOutFinishViewController1.swift in Sources */ = {isa = PBXBuildFile; fileRef = F52A5819211993700054B90D /* MPCheckOutFinishViewController1.swift */; };
		F52A581C2119938A0054B90D /* MPCheckOutFinishViewController2.swift in Sources */ = {isa = PBXBuildFile; fileRef = F52A581B2119938A0054B90D /* MPCheckOutFinishViewController2.swift */; };
		F5867E60211D7F4600F8A07D /* MPApiType.swift in Sources */ = {isa = PBXBuildFile; fileRef = F5867E5F211D7F4600F8A07D /* MPApiType.swift */; };
		F5A6331B2116DA530075548A /* MPUtils.swift in Sources */ = {isa = PBXBuildFile; fileRef = F5A6331A2116DA530075548A /* MPUtils.swift */; };
		F5A63340211700BA0075548A /* UITableView+FDTemplateLayoutCell.m in Sources */ = {isa = PBXBuildFile; fileRef = F5A6333A211700BA0075548A /* UITableView+FDTemplateLayoutCell.m */; };
		F5A63341211700BA0075548A /* UITableView+FDKeyedHeightCache.m in Sources */ = {isa = PBXBuildFile; fileRef = F5A6333C211700BA0075548A /* UITableView+FDKeyedHeightCache.m */; };
		F5A63342211700BA0075548A /* UITableView+FDTemplateLayoutCellDebug.m in Sources */ = {isa = PBXBuildFile; fileRef = F5A6333D211700BA0075548A /* UITableView+FDTemplateLayoutCellDebug.m */; };
		F5A63343211700BA0075548A /* UITableView+FDIndexPathHeightCache.m in Sources */ = {isa = PBXBuildFile; fileRef = F5A6333E211700BA0075548A /* UITableView+FDIndexPathHeightCache.m */; };
		F5A6334B211728520075548A /* Extension.swift in Sources */ = {isa = PBXBuildFile; fileRef = F5A6334A211728520075548A /* Extension.swift */; };
		F5BE5F8A211E916700D331C8 /* MPEditView.swift in Sources */ = {isa = PBXBuildFile; fileRef = F5BE5F89211E916700D331C8 /* MPEditView.swift */; };
		F5BE5F8C211EB74900D331C8 /* MPTipsView.swift in Sources */ = {isa = PBXBuildFile; fileRef = F5BE5F8B211EB74900D331C8 /* MPTipsView.swift */; };
		F5D720592112AC5500585A19 /* AppDelegate.swift in Sources */ = {isa = PBXBuildFile; fileRef = F5D720582112AC5500585A19 /* AppDelegate.swift */; };
		F5D720602112AC5800585A19 /* Assets.xcassets in Resources */ = {isa = PBXBuildFile; fileRef = F5D7205F2112AC5800585A19 /* Assets.xcassets */; };
		F5D720632112AC5800585A19 /* LaunchScreen.storyboard in Resources */ = {isa = PBXBuildFile; fileRef = F5D720612112AC5800585A19 /* LaunchScreen.storyboard */; };
		F5D7206E2112AC5900585A19 /* MaintainDriverClientTests.swift in Sources */ = {isa = PBXBuildFile; fileRef = F5D7206D2112AC5900585A19 /* MaintainDriverClientTests.swift */; };
		F5D720792112AC5900585A19 /* MaintainDriverClientUITests.swift in Sources */ = {isa = PBXBuildFile; fileRef = F5D720782112AC5900585A19 /* MaintainDriverClientUITests.swift */; };
		F5DF736B211A93E300B9F154 /* MPAccountViewController.swift in Sources */ = {isa = PBXBuildFile; fileRef = F5DF735A211A93E300B9F154 /* MPAccountViewController.swift */; };
		F5DF736C211A93E300B9F154 /* MPTiXianViewController.swift in Sources */ = {isa = PBXBuildFile; fileRef = F5DF735B211A93E300B9F154 /* MPTiXianViewController.swift */; };
		F5DF736D211A93E300B9F154 /* MPOrderConfirmViewController.swift in Sources */ = {isa = PBXBuildFile; fileRef = F5DF735D211A93E300B9F154 /* MPOrderConfirmViewController.swift */; };
		F5DF736E211A93E300B9F154 /* MPOrderViewController.swift in Sources */ = {isa = PBXBuildFile; fileRef = F5DF735E211A93E300B9F154 /* MPOrderViewController.swift */; };
		F5DF736F211A93E300B9F154 /* MPYiJieDanViewController.swift in Sources */ = {isa = PBXBuildFile; fileRef = F5DF7360211A93E300B9F154 /* MPYiJieDanViewController.swift */; };
		F5DF7370211A93E300B9F154 /* MPHomeViewController.swift in Sources */ = {isa = PBXBuildFile; fileRef = F5DF7361211A93E300B9F154 /* MPHomeViewController.swift */; };
		F5DF7371211A93E300B9F154 /* MPGongZuoTaiViewController.swift in Sources */ = {isa = PBXBuildFile; fileRef = F5DF7362211A93E300B9F154 /* MPGongZuoTaiViewController.swift */; };
		F5DF7372211A93E300B9F154 /* MPSettingViewController.swift in Sources */ = {isa = PBXBuildFile; fileRef = F5DF7364211A93E300B9F154 /* MPSettingViewController.swift */; };
		F5DF7373211A93E300B9F154 /* MPLoginViewController.swift in Sources */ = {isa = PBXBuildFile; fileRef = F5DF7366211A93E300B9F154 /* MPLoginViewController.swift */; };
		F5DF7374211A93E300B9F154 /* MPLeftMenuViewController.swift in Sources */ = {isa = PBXBuildFile; fileRef = F5DF7368211A93E300B9F154 /* MPLeftMenuViewController.swift */; };
		F5DF7375211A93E300B9F154 /* MPNavigationController.swift in Sources */ = {isa = PBXBuildFile; fileRef = F5DF736A211A93E300B9F154 /* MPNavigationController.swift */; };
		F5DF738A211A94E400B9F154 /* MPMingXiTableViewCell.swift in Sources */ = {isa = PBXBuildFile; fileRef = F5DF7378211A94E400B9F154 /* MPMingXiTableViewCell.swift */; };
		F5DF738B211A94E400B9F154 /* MPInputTextFiled.swift in Sources */ = {isa = PBXBuildFile; fileRef = F5DF737B211A94E400B9F154 /* MPInputTextFiled.swift */; };
		F5DF738C211A94E400B9F154 /* MPLeftIconView.swift in Sources */ = {isa = PBXBuildFile; fileRef = F5DF737C211A94E400B9F154 /* MPLeftIconView.swift */; };
		F5DF738D211A94E400B9F154 /* MPSendCodeButton.swift in Sources */ = {isa = PBXBuildFile; fileRef = F5DF737D211A94E400B9F154 /* MPSendCodeButton.swift */; };
		F5DF738E211A94E400B9F154 /* MPTitleView.swift in Sources */ = {isa = PBXBuildFile; fileRef = F5DF737F211A94E400B9F154 /* MPTitleView.swift */; };
		F5DF738F211A94E400B9F154 /* MPTwoPhotoTableViewCell.swift in Sources */ = {isa = PBXBuildFile; fileRef = F5DF7380211A94E400B9F154 /* MPTwoPhotoTableViewCell.swift */; };
		F5DF7390211A94E400B9F154 /* MPFeedbackView.swift in Sources */ = {isa = PBXBuildFile; fileRef = F5DF7381211A94E400B9F154 /* MPFeedbackView.swift */; };
		F5DF7391211A94E400B9F154 /* MPYearCheckTitleView.swift in Sources */ = {isa = PBXBuildFile; fileRef = F5DF7382211A94E400B9F154 /* MPYearCheckTitleView.swift */; };
		F5DF7392211A94E400B9F154 /* MPHorizonScrollPhotoView.swift in Sources */ = {isa = PBXBuildFile; fileRef = F5DF7383211A94E400B9F154 /* MPHorizonScrollPhotoView.swift */; };
		F5DF7393211A94E400B9F154 /* MPFooterConfirmView.swift in Sources */ = {isa = PBXBuildFile; fileRef = F5DF7386211A94E400B9F154 /* MPFooterConfirmView.swift */; };
		F5DF7394211A94E400B9F154 /* MPNewOrderTipsView.swift in Sources */ = {isa = PBXBuildFile; fileRef = F5DF7387211A94E400B9F154 /* MPNewOrderTipsView.swift */; };
		F5DF7395211A94E400B9F154 /* MPOrderTableViewCell.swift in Sources */ = {isa = PBXBuildFile; fileRef = F5DF7388211A94E400B9F154 /* MPOrderTableViewCell.swift */; };
		F5DF7396211A94E400B9F154 /* MPOrderConfrimTableViewCell.swift in Sources */ = {isa = PBXBuildFile; fileRef = F5DF7389211A94E400B9F154 /* MPOrderConfrimTableViewCell.swift */; };
		F5DF7398211A950900B9F154 /* MPSettingCell.swift in Sources */ = {isa = PBXBuildFile; fileRef = F5DF7397211A950900B9F154 /* MPSettingCell.swift */; };
		F5DF739A211A953A00B9F154 /* MPMunuViewCell.swift in Sources */ = {isa = PBXBuildFile; fileRef = F5DF7399211A953A00B9F154 /* MPMunuViewCell.swift */; };
		F5DF739D211AE9F000B9F154 /* MPImageButtonView.swift in Sources */ = {isa = PBXBuildFile; fileRef = F5DF739C211AE9F000B9F154 /* MPImageButtonView.swift */; };
		F5DF739F211AEF2200B9F154 /* MPCheckBoxOrderTableViewCell.swift in Sources */ = {isa = PBXBuildFile; fileRef = F5DF739E211AEF2200B9F154 /* MPCheckBoxOrderTableViewCell.swift */; };
		F5DF73A1211AF15C00B9F154 /* MPOrderModel.swift in Sources */ = {isa = PBXBuildFile; fileRef = F5DF73A0211AF15C00B9F154 /* MPOrderModel.swift */; };
		F5DF73A3211AF81F00B9F154 /* MPQuCheCCell.swift in Sources */ = {isa = PBXBuildFile; fileRef = F5DF73A2211AF81F00B9F154 /* MPQuCheCCell.swift */; };
/* End PBXBuildFile section */

/* Begin PBXContainerItemProxy section */
		F5D7206A2112AC5900585A19 /* PBXContainerItemProxy */ = {
			isa = PBXContainerItemProxy;
			containerPortal = F5D7204D2112AC5500585A19 /* Project object */;
			proxyType = 1;
			remoteGlobalIDString = F5D720542112AC5500585A19;
			remoteInfo = MaintainDriverClient;
		};
		F5D720752112AC5900585A19 /* PBXContainerItemProxy */ = {
			isa = PBXContainerItemProxy;
			containerPortal = F5D7204D2112AC5500585A19 /* Project object */;
			proxyType = 1;
			remoteGlobalIDString = F5D720542112AC5500585A19;
			remoteInfo = MaintainDriverClient;
		};
/* End PBXContainerItemProxy section */

/* Begin PBXCopyFilesBuildPhase section */
		F5D7208F2112D65200585A19 /* Embed Frameworks */ = {
			isa = PBXCopyFilesBuildPhase;
			buildActionMask = 2147483647;
			dstPath = "";
			dstSubfolderSpec = 10;
			files = (
			);
			name = "Embed Frameworks";
			runOnlyForDeploymentPostprocessing = 0;
		};
/* End PBXCopyFilesBuildPhase section */

/* Begin PBXFileReference section */
		02B61D9DEE07324DDA6735D9 /* Pods-MaintainDriverClient.debug.xcconfig */ = {isa = PBXFileReference; includeInIndex = 1; lastKnownFileType = text.xcconfig; name = "Pods-MaintainDriverClient.debug.xcconfig"; path = "Pods/Target Support Files/Pods-MaintainDriverClient/Pods-MaintainDriverClient.debug.xcconfig"; sourceTree = "<group>"; };
		349F6EAAC56BB8097E0EA41A /* Pods-MaintainDriverClientUITests.release.xcconfig */ = {isa = PBXFileReference; includeInIndex = 1; lastKnownFileType = text.xcconfig; name = "Pods-MaintainDriverClientUITests.release.xcconfig"; path = "Pods/Target Support Files/Pods-MaintainDriverClientUITests/Pods-MaintainDriverClientUITests.release.xcconfig"; sourceTree = "<group>"; };
		4371321C7CF3066700812709 /* Pods-MaintainDriverClient.release.xcconfig */ = {isa = PBXFileReference; includeInIndex = 1; lastKnownFileType = text.xcconfig; name = "Pods-MaintainDriverClient.release.xcconfig"; path = "Pods/Target Support Files/Pods-MaintainDriverClient/Pods-MaintainDriverClient.release.xcconfig"; sourceTree = "<group>"; };
		615ED3CECC955D2A9BE97547 /* Pods-MaintainDriverClientUITests.debug.xcconfig */ = {isa = PBXFileReference; includeInIndex = 1; lastKnownFileType = text.xcconfig; name = "Pods-MaintainDriverClientUITests.debug.xcconfig"; path = "Pods/Target Support Files/Pods-MaintainDriverClientUITests/Pods-MaintainDriverClientUITests.debug.xcconfig"; sourceTree = "<group>"; };
		6DE9282462F89B078825D579 /* Pods-MaintainDriverClientTests.debug.xcconfig */ = {isa = PBXFileReference; includeInIndex = 1; lastKnownFileType = text.xcconfig; name = "Pods-MaintainDriverClientTests.debug.xcconfig"; path = "Pods/Target Support Files/Pods-MaintainDriverClientTests/Pods-MaintainDriverClientTests.debug.xcconfig"; sourceTree = "<group>"; };
		840F6F2F741E381F5A662F82 /* Pods_MaintainDriverClientTests.framework */ = {isa = PBXFileReference; explicitFileType = wrapper.framework; includeInIndex = 0; path = Pods_MaintainDriverClientTests.framework; sourceTree = BUILT_PRODUCTS_DIR; };
		90A0C4BCEC64F8C1F9DCD95D /* Pods_MaintainDriverClient.framework */ = {isa = PBXFileReference; explicitFileType = wrapper.framework; includeInIndex = 0; path = Pods_MaintainDriverClient.framework; sourceTree = BUILT_PRODUCTS_DIR; };
		933E4E24AB834923AD3EAF95 /* Pods-MaintainDriverClientTests.release.xcconfig */ = {isa = PBXFileReference; includeInIndex = 1; lastKnownFileType = text.xcconfig; name = "Pods-MaintainDriverClientTests.release.xcconfig"; path = "Pods/Target Support Files/Pods-MaintainDriverClientTests/Pods-MaintainDriverClientTests.release.xcconfig"; sourceTree = "<group>"; };
		F5031F96212126E500329BC0 /* MPConstant.swift */ = {isa = PBXFileReference; lastKnownFileType = sourcecode.swift; path = MPConstant.swift; sourceTree = "<group>"; };
		F50D4DDF211823F5006C50C7 /* UIImageView+LBBlurredImage.h */ = {isa = PBXFileReference; fileEncoding = 4; lastKnownFileType = sourcecode.c.h; path = "UIImageView+LBBlurredImage.h"; sourceTree = "<group>"; };
		F50D4DE0211823F5006C50C7 /* UIImageView+LBBlurredImage.m */ = {isa = PBXFileReference; fileEncoding = 4; lastKnownFileType = sourcecode.c.objc; path = "UIImageView+LBBlurredImage.m"; sourceTree = "<group>"; };
		F50D4DE721183E3D006C50C7 /* MPYearCheckViewController.swift */ = {isa = PBXFileReference; lastKnownFileType = sourcecode.swift; path = MPYearCheckViewController.swift; sourceTree = "<group>"; };
		F50D4DED21185668006C50C7 /* MPQuCheViewController1.swift */ = {isa = PBXFileReference; lastKnownFileType = sourcecode.swift; path = MPQuCheViewController1.swift; sourceTree = "<group>"; };
		F50D4DEF2118567D006C50C7 /* MPQuCheViewController2.swift */ = {isa = PBXFileReference; lastKnownFileType = sourcecode.swift; path = MPQuCheViewController2.swift; sourceTree = "<group>"; };
		F52A5811211974520054B90D /* MPStartYearCheckViewController.swift */ = {isa = PBXFileReference; lastKnownFileType = sourcecode.swift; path = MPStartYearCheckViewController.swift; sourceTree = "<group>"; };
		F52A5817211991160054B90D /* MPStartYearCheckViewController2.swift */ = {isa = PBXFileReference; lastKnownFileType = sourcecode.swift; path = MPStartYearCheckViewController2.swift; sourceTree = "<group>"; };
		F52A5819211993700054B90D /* MPCheckOutFinishViewController1.swift */ = {isa = PBXFileReference; lastKnownFileType = sourcecode.swift; path = MPCheckOutFinishViewController1.swift; sourceTree = "<group>"; };
		F52A581B2119938A0054B90D /* MPCheckOutFinishViewController2.swift */ = {isa = PBXFileReference; lastKnownFileType = sourcecode.swift; path = MPCheckOutFinishViewController2.swift; sourceTree = "<group>"; };
		F5867E5F211D7F4600F8A07D /* MPApiType.swift */ = {isa = PBXFileReference; lastKnownFileType = sourcecode.swift; path = MPApiType.swift; sourceTree = "<group>"; };
		F5A6331A2116DA530075548A /* MPUtils.swift */ = {isa = PBXFileReference; fileEncoding = 4; lastKnownFileType = sourcecode.swift; path = MPUtils.swift; sourceTree = "<group>"; };
		F5A63337211700BA0075548A /* UITableView+FDKeyedHeightCache.h */ = {isa = PBXFileReference; fileEncoding = 4; lastKnownFileType = sourcecode.c.h; path = "UITableView+FDKeyedHeightCache.h"; sourceTree = "<group>"; };
		F5A63338211700BA0075548A /* UITableView+FDTemplateLayoutCellDebug.h */ = {isa = PBXFileReference; fileEncoding = 4; lastKnownFileType = sourcecode.c.h; path = "UITableView+FDTemplateLayoutCellDebug.h"; sourceTree = "<group>"; };
		F5A6333A211700BA0075548A /* UITableView+FDTemplateLayoutCell.m */ = {isa = PBXFileReference; fileEncoding = 4; lastKnownFileType = sourcecode.c.objc; path = "UITableView+FDTemplateLayoutCell.m"; sourceTree = "<group>"; };
		F5A6333B211700BA0075548A /* UITableView+FDIndexPathHeightCache.h */ = {isa = PBXFileReference; fileEncoding = 4; lastKnownFileType = sourcecode.c.h; path = "UITableView+FDIndexPathHeightCache.h"; sourceTree = "<group>"; };
		F5A6333C211700BA0075548A /* UITableView+FDKeyedHeightCache.m */ = {isa = PBXFileReference; fileEncoding = 4; lastKnownFileType = sourcecode.c.objc; path = "UITableView+FDKeyedHeightCache.m"; sourceTree = "<group>"; };
		F5A6333D211700BA0075548A /* UITableView+FDTemplateLayoutCellDebug.m */ = {isa = PBXFileReference; fileEncoding = 4; lastKnownFileType = sourcecode.c.objc; path = "UITableView+FDTemplateLayoutCellDebug.m"; sourceTree = "<group>"; };
		F5A6333E211700BA0075548A /* UITableView+FDIndexPathHeightCache.m */ = {isa = PBXFileReference; fileEncoding = 4; lastKnownFileType = sourcecode.c.objc; path = "UITableView+FDIndexPathHeightCache.m"; sourceTree = "<group>"; };
		F5A6333F211700BA0075548A /* UITableView+FDTemplateLayoutCell.h */ = {isa = PBXFileReference; fileEncoding = 4; lastKnownFileType = sourcecode.c.h; path = "UITableView+FDTemplateLayoutCell.h"; sourceTree = "<group>"; };
		F5A63347211701030075548A /* Header.h */ = {isa = PBXFileReference; lastKnownFileType = sourcecode.c.h; path = Header.h; sourceTree = "<group>"; };
		F5A6334A211728520075548A /* Extension.swift */ = {isa = PBXFileReference; lastKnownFileType = sourcecode.swift; path = Extension.swift; sourceTree = "<group>"; };
		F5BE5F89211E916700D331C8 /* MPEditView.swift */ = {isa = PBXFileReference; lastKnownFileType = sourcecode.swift; path = MPEditView.swift; sourceTree = "<group>"; };
		F5BE5F8B211EB74900D331C8 /* MPTipsView.swift */ = {isa = PBXFileReference; lastKnownFileType = sourcecode.swift; path = MPTipsView.swift; sourceTree = "<group>"; };
		F5D720552112AC5500585A19 /* MaintainDriverClient.app */ = {isa = PBXFileReference; explicitFileType = wrapper.application; includeInIndex = 0; path = MaintainDriverClient.app; sourceTree = BUILT_PRODUCTS_DIR; };
		F5D720582112AC5500585A19 /* AppDelegate.swift */ = {isa = PBXFileReference; lastKnownFileType = sourcecode.swift; path = AppDelegate.swift; sourceTree = "<group>"; };
		F5D7205F2112AC5800585A19 /* Assets.xcassets */ = {isa = PBXFileReference; lastKnownFileType = folder.assetcatalog; path = Assets.xcassets; sourceTree = "<group>"; };
		F5D720622112AC5800585A19 /* Base */ = {isa = PBXFileReference; lastKnownFileType = file.storyboard; name = Base; path = Base.lproj/LaunchScreen.storyboard; sourceTree = "<group>"; };
		F5D720642112AC5800585A19 /* Info.plist */ = {isa = PBXFileReference; lastKnownFileType = text.plist.xml; path = Info.plist; sourceTree = "<group>"; };
		F5D720692112AC5900585A19 /* MaintainDriverClientTests.xctest */ = {isa = PBXFileReference; explicitFileType = wrapper.cfbundle; includeInIndex = 0; path = MaintainDriverClientTests.xctest; sourceTree = BUILT_PRODUCTS_DIR; };
		F5D7206D2112AC5900585A19 /* MaintainDriverClientTests.swift */ = {isa = PBXFileReference; lastKnownFileType = sourcecode.swift; path = MaintainDriverClientTests.swift; sourceTree = "<group>"; };
		F5D7206F2112AC5900585A19 /* Info.plist */ = {isa = PBXFileReference; lastKnownFileType = text.plist.xml; path = Info.plist; sourceTree = "<group>"; };
		F5D720742112AC5900585A19 /* MaintainDriverClientUITests.xctest */ = {isa = PBXFileReference; explicitFileType = wrapper.cfbundle; includeInIndex = 0; path = MaintainDriverClientUITests.xctest; sourceTree = BUILT_PRODUCTS_DIR; };
		F5D720782112AC5900585A19 /* MaintainDriverClientUITests.swift */ = {isa = PBXFileReference; lastKnownFileType = sourcecode.swift; path = MaintainDriverClientUITests.swift; sourceTree = "<group>"; };
		F5D7207A2112AC5900585A19 /* Info.plist */ = {isa = PBXFileReference; lastKnownFileType = text.plist.xml; path = Info.plist; sourceTree = "<group>"; };
		F5DF735A211A93E300B9F154 /* MPAccountViewController.swift */ = {isa = PBXFileReference; fileEncoding = 4; lastKnownFileType = sourcecode.swift; path = MPAccountViewController.swift; sourceTree = "<group>"; };
		F5DF735B211A93E300B9F154 /* MPTiXianViewController.swift */ = {isa = PBXFileReference; fileEncoding = 4; lastKnownFileType = sourcecode.swift; path = MPTiXianViewController.swift; sourceTree = "<group>"; };
		F5DF735D211A93E300B9F154 /* MPOrderConfirmViewController.swift */ = {isa = PBXFileReference; fileEncoding = 4; lastKnownFileType = sourcecode.swift; path = MPOrderConfirmViewController.swift; sourceTree = "<group>"; };
		F5DF735E211A93E300B9F154 /* MPOrderViewController.swift */ = {isa = PBXFileReference; fileEncoding = 4; lastKnownFileType = sourcecode.swift; path = MPOrderViewController.swift; sourceTree = "<group>"; };
		F5DF7360211A93E300B9F154 /* MPYiJieDanViewController.swift */ = {isa = PBXFileReference; fileEncoding = 4; lastKnownFileType = sourcecode.swift; path = MPYiJieDanViewController.swift; sourceTree = "<group>"; };
		F5DF7361211A93E300B9F154 /* MPHomeViewController.swift */ = {isa = PBXFileReference; fileEncoding = 4; lastKnownFileType = sourcecode.swift; path = MPHomeViewController.swift; sourceTree = "<group>"; };
		F5DF7362211A93E300B9F154 /* MPGongZuoTaiViewController.swift */ = {isa = PBXFileReference; fileEncoding = 4; lastKnownFileType = sourcecode.swift; path = MPGongZuoTaiViewController.swift; sourceTree = "<group>"; };
		F5DF7364211A93E300B9F154 /* MPSettingViewController.swift */ = {isa = PBXFileReference; fileEncoding = 4; lastKnownFileType = sourcecode.swift; path = MPSettingViewController.swift; sourceTree = "<group>"; };
		F5DF7366211A93E300B9F154 /* MPLoginViewController.swift */ = {isa = PBXFileReference; fileEncoding = 4; lastKnownFileType = sourcecode.swift; path = MPLoginViewController.swift; sourceTree = "<group>"; };
		F5DF7368211A93E300B9F154 /* MPLeftMenuViewController.swift */ = {isa = PBXFileReference; fileEncoding = 4; lastKnownFileType = sourcecode.swift; path = MPLeftMenuViewController.swift; sourceTree = "<group>"; };
		F5DF736A211A93E300B9F154 /* MPNavigationController.swift */ = {isa = PBXFileReference; fileEncoding = 4; lastKnownFileType = sourcecode.swift; path = MPNavigationController.swift; sourceTree = "<group>"; };
		F5DF7378211A94E400B9F154 /* MPMingXiTableViewCell.swift */ = {isa = PBXFileReference; fileEncoding = 4; lastKnownFileType = sourcecode.swift; path = MPMingXiTableViewCell.swift; sourceTree = "<group>"; };
		F5DF737B211A94E400B9F154 /* MPInputTextFiled.swift */ = {isa = PBXFileReference; fileEncoding = 4; lastKnownFileType = sourcecode.swift; path = MPInputTextFiled.swift; sourceTree = "<group>"; };
		F5DF737C211A94E400B9F154 /* MPLeftIconView.swift */ = {isa = PBXFileReference; fileEncoding = 4; lastKnownFileType = sourcecode.swift; path = MPLeftIconView.swift; sourceTree = "<group>"; };
		F5DF737D211A94E400B9F154 /* MPSendCodeButton.swift */ = {isa = PBXFileReference; fileEncoding = 4; lastKnownFileType = sourcecode.swift; path = MPSendCodeButton.swift; sourceTree = "<group>"; };
		F5DF737F211A94E400B9F154 /* MPTitleView.swift */ = {isa = PBXFileReference; fileEncoding = 4; lastKnownFileType = sourcecode.swift; path = MPTitleView.swift; sourceTree = "<group>"; };
		F5DF7380211A94E400B9F154 /* MPTwoPhotoTableViewCell.swift */ = {isa = PBXFileReference; fileEncoding = 4; lastKnownFileType = sourcecode.swift; path = MPTwoPhotoTableViewCell.swift; sourceTree = "<group>"; };
		F5DF7381211A94E400B9F154 /* MPFeedbackView.swift */ = {isa = PBXFileReference; fileEncoding = 4; lastKnownFileType = sourcecode.swift; path = MPFeedbackView.swift; sourceTree = "<group>"; };
		F5DF7382211A94E400B9F154 /* MPYearCheckTitleView.swift */ = {isa = PBXFileReference; fileEncoding = 4; lastKnownFileType = sourcecode.swift; path = MPYearCheckTitleView.swift; sourceTree = "<group>"; };
		F5DF7383211A94E400B9F154 /* MPHorizonScrollPhotoView.swift */ = {isa = PBXFileReference; fileEncoding = 4; lastKnownFileType = sourcecode.swift; path = MPHorizonScrollPhotoView.swift; sourceTree = "<group>"; };
		F5DF7386211A94E400B9F154 /* MPFooterConfirmView.swift */ = {isa = PBXFileReference; fileEncoding = 4; lastKnownFileType = sourcecode.swift; path = MPFooterConfirmView.swift; sourceTree = "<group>"; };
		F5DF7387211A94E400B9F154 /* MPNewOrderTipsView.swift */ = {isa = PBXFileReference; fileEncoding = 4; lastKnownFileType = sourcecode.swift; path = MPNewOrderTipsView.swift; sourceTree = "<group>"; };
		F5DF7388211A94E400B9F154 /* MPOrderTableViewCell.swift */ = {isa = PBXFileReference; fileEncoding = 4; lastKnownFileType = sourcecode.swift; path = MPOrderTableViewCell.swift; sourceTree = "<group>"; };
		F5DF7389211A94E400B9F154 /* MPOrderConfrimTableViewCell.swift */ = {isa = PBXFileReference; fileEncoding = 4; lastKnownFileType = sourcecode.swift; path = MPOrderConfrimTableViewCell.swift; sourceTree = "<group>"; };
		F5DF7397211A950900B9F154 /* MPSettingCell.swift */ = {isa = PBXFileReference; lastKnownFileType = sourcecode.swift; path = MPSettingCell.swift; sourceTree = "<group>"; };
		F5DF7399211A953A00B9F154 /* MPMunuViewCell.swift */ = {isa = PBXFileReference; lastKnownFileType = sourcecode.swift; path = MPMunuViewCell.swift; sourceTree = "<group>"; };
		F5DF739C211AE9F000B9F154 /* MPImageButtonView.swift */ = {isa = PBXFileReference; lastKnownFileType = sourcecode.swift; path = MPImageButtonView.swift; sourceTree = "<group>"; };
		F5DF739E211AEF2200B9F154 /* MPCheckBoxOrderTableViewCell.swift */ = {isa = PBXFileReference; lastKnownFileType = sourcecode.swift; path = MPCheckBoxOrderTableViewCell.swift; sourceTree = "<group>"; };
		F5DF73A0211AF15C00B9F154 /* MPOrderModel.swift */ = {isa = PBXFileReference; lastKnownFileType = sourcecode.swift; path = MPOrderModel.swift; sourceTree = "<group>"; };
		F5DF73A2211AF81F00B9F154 /* MPQuCheCCell.swift */ = {isa = PBXFileReference; lastKnownFileType = sourcecode.swift; path = MPQuCheCCell.swift; sourceTree = "<group>"; };
		F9458DD492F1C2EBB7A4F0DC /* Pods_MaintainDriverClientUITests.framework */ = {isa = PBXFileReference; explicitFileType = wrapper.framework; includeInIndex = 0; path = Pods_MaintainDriverClientUITests.framework; sourceTree = BUILT_PRODUCTS_DIR; };
/* End PBXFileReference section */

/* Begin PBXFrameworksBuildPhase section */
		F5D720522112AC5500585A19 /* Frameworks */ = {
			isa = PBXFrameworksBuildPhase;
			buildActionMask = 2147483647;
			files = (
				ADC8A0301EB8B7BA103F2CCE /* Pods_MaintainDriverClient.framework in Frameworks */,
			);
			runOnlyForDeploymentPostprocessing = 0;
		};
		F5D720662112AC5900585A19 /* Frameworks */ = {
			isa = PBXFrameworksBuildPhase;
			buildActionMask = 2147483647;
			files = (
				295D3709D0AC2D2874E51AC7 /* Pods_MaintainDriverClientTests.framework in Frameworks */,
			);
			runOnlyForDeploymentPostprocessing = 0;
		};
		F5D720712112AC5900585A19 /* Frameworks */ = {
			isa = PBXFrameworksBuildPhase;
			buildActionMask = 2147483647;
			files = (
				2002E9C19EE3A6BA05A2AFF1 /* Pods_MaintainDriverClientUITests.framework in Frameworks */,
			);
			runOnlyForDeploymentPostprocessing = 0;
		};
/* End PBXFrameworksBuildPhase section */

/* Begin PBXGroup section */
		4CC3CD47C439E3F5E213946B /* Frameworks */ = {
			isa = PBXGroup;
			children = (
				90A0C4BCEC64F8C1F9DCD95D /* Pods_MaintainDriverClient.framework */,
				840F6F2F741E381F5A662F82 /* Pods_MaintainDriverClientTests.framework */,
				F9458DD492F1C2EBB7A4F0DC /* Pods_MaintainDriverClientUITests.framework */,
			);
			name = Frameworks;
			sourceTree = "<group>";
		};
		C5098A43DD540D601395F722 /* Pods */ = {
			isa = PBXGroup;
			children = (
				02B61D9DEE07324DDA6735D9 /* Pods-MaintainDriverClient.debug.xcconfig */,
				4371321C7CF3066700812709 /* Pods-MaintainDriverClient.release.xcconfig */,
				6DE9282462F89B078825D579 /* Pods-MaintainDriverClientTests.debug.xcconfig */,
				933E4E24AB834923AD3EAF95 /* Pods-MaintainDriverClientTests.release.xcconfig */,
				615ED3CECC955D2A9BE97547 /* Pods-MaintainDriverClientUITests.debug.xcconfig */,
				349F6EAAC56BB8097E0EA41A /* Pods-MaintainDriverClientUITests.release.xcconfig */,
			);
			name = Pods;
			sourceTree = "<group>";
		};
		F50D4DDE211823F5006C50C7 /* LBBlurredImage */ = {
			isa = PBXGroup;
			children = (
				F50D4DDF211823F5006C50C7 /* UIImageView+LBBlurredImage.h */,
				F50D4DE0211823F5006C50C7 /* UIImageView+LBBlurredImage.m */,
			);
			path = LBBlurredImage;
			sourceTree = "<group>";
		};
		F50D4DE621183E2E006C50C7 /* YearCheck */ = {
			isa = PBXGroup;
			children = (
				F50D4DE721183E3D006C50C7 /* MPYearCheckViewController.swift */,
				F50D4DED21185668006C50C7 /* MPQuCheViewController1.swift */,
				F50D4DEF2118567D006C50C7 /* MPQuCheViewController2.swift */,
				F52A5811211974520054B90D /* MPStartYearCheckViewController.swift */,
				F52A5817211991160054B90D /* MPStartYearCheckViewController2.swift */,
				F52A5819211993700054B90D /* MPCheckOutFinishViewController1.swift */,
				F52A581B2119938A0054B90D /* MPCheckOutFinishViewController2.swift */,
			);
			path = YearCheck;
			sourceTree = "<group>";
		};
		F5A633192116DA530075548A /* Utils */ = {
			isa = PBXGroup;
			children = (
				F5A6331A2116DA530075548A /* MPUtils.swift */,
				F5A6334A211728520075548A /* Extension.swift */,
				F5867E5F211D7F4600F8A07D /* MPApiType.swift */,
				F5031F96212126E500329BC0 /* MPConstant.swift */,
			);
			path = Utils;
			sourceTree = "<group>";
		};
		F5A6331C2116DA5A0075548A /* View */ = {
			isa = PBXGroup;
			children = (
				F5DF739B211AE9DA00B9F154 /* Other */,
				F5DF7377211A94E400B9F154 /* Account */,
				F5DF7384211A94E400B9F154 /* Home */,
				F5DF737A211A94E400B9F154 /* Login */,
				F5DF7379211A94E400B9F154 /* Menu */,
				F5DF7385211A94E400B9F154 /* Order */,
				F5DF7376211A94E400B9F154 /* Setting */,
				F5DF737E211A94E400B9F154 /* YearCheck */,
			);
			path = View;
			sourceTree = "<group>";
		};
		F5A6331D2116DA5F0075548A /* Model */ = {
			isa = PBXGroup;
			children = (
				F5DF73A0211AF15C00B9F154 /* MPOrderModel.swift */,
			);
			path = Model;
			sourceTree = "<group>";
		};
		F5A6331E2116DA650075548A /* Controller */ = {
			isa = PBXGroup;
			children = (
				F5DF7359211A93E300B9F154 /* Account */,
				F5DF735F211A93E300B9F154 /* Home */,
				F5DF7365211A93E300B9F154 /* Login */,
				F5DF7367211A93E300B9F154 /* Menu */,
				F5DF735C211A93E300B9F154 /* Order */,
				F5DF7369211A93E300B9F154 /* Other */,
				F5DF7363211A93E300B9F154 /* Setting */,
				F50D4DE621183E2E006C50C7 /* YearCheck */,
			);
			path = Controller;
			sourceTree = "<group>";
		};
		F5A633352116FD3B0075548A /* Frameword */ = {
			isa = PBXGroup;
			children = (
				F50D4DDE211823F5006C50C7 /* LBBlurredImage */,
				F5A63336211700BA0075548A /* FDTemplateLayoutcell */,
			);
			path = Frameword;
			sourceTree = "<group>";
		};
		F5A63336211700BA0075548A /* FDTemplateLayoutcell */ = {
			isa = PBXGroup;
			children = (
				F5A63337211700BA0075548A /* UITableView+FDKeyedHeightCache.h */,
				F5A63338211700BA0075548A /* UITableView+FDTemplateLayoutCellDebug.h */,
				F5A6333A211700BA0075548A /* UITableView+FDTemplateLayoutCell.m */,
				F5A6333B211700BA0075548A /* UITableView+FDIndexPathHeightCache.h */,
				F5A6333C211700BA0075548A /* UITableView+FDKeyedHeightCache.m */,
				F5A6333D211700BA0075548A /* UITableView+FDTemplateLayoutCellDebug.m */,
				F5A6333E211700BA0075548A /* UITableView+FDIndexPathHeightCache.m */,
				F5A6333F211700BA0075548A /* UITableView+FDTemplateLayoutCell.h */,
			);
			path = FDTemplateLayoutcell;
			sourceTree = "<group>";
		};
		F5D7204C2112AC5500585A19 = {
			isa = PBXGroup;
			children = (
				F5A63347211701030075548A /* Header.h */,
				F5D720572112AC5500585A19 /* MaintainDriverClient */,
				F5D7206C2112AC5900585A19 /* MaintainDriverClientTests */,
				F5D720772112AC5900585A19 /* MaintainDriverClientUITests */,
				F5D720562112AC5500585A19 /* Products */,
				C5098A43DD540D601395F722 /* Pods */,
				4CC3CD47C439E3F5E213946B /* Frameworks */,
			);
			sourceTree = "<group>";
		};
		F5D720562112AC5500585A19 /* Products */ = {
			isa = PBXGroup;
			children = (
				F5D720552112AC5500585A19 /* MaintainDriverClient.app */,
				F5D720692112AC5900585A19 /* MaintainDriverClientTests.xctest */,
				F5D720742112AC5900585A19 /* MaintainDriverClientUITests.xctest */,
			);
			name = Products;
			sourceTree = "<group>";
		};
		F5D720572112AC5500585A19 /* MaintainDriverClient */ = {
			isa = PBXGroup;
			children = (
				F5A6331E2116DA650075548A /* Controller */,
				F5A6331D2116DA5F0075548A /* Model */,
				F5A6331C2116DA5A0075548A /* View */,
				F5A633192116DA530075548A /* Utils */,
				F5A633352116FD3B0075548A /* Frameword */,
				F5D720582112AC5500585A19 /* AppDelegate.swift */,
				F5D7205F2112AC5800585A19 /* Assets.xcassets */,
				F5D720612112AC5800585A19 /* LaunchScreen.storyboard */,
				F5D720642112AC5800585A19 /* Info.plist */,
			);
			path = MaintainDriverClient;
			sourceTree = "<group>";
		};
		F5D7206C2112AC5900585A19 /* MaintainDriverClientTests */ = {
			isa = PBXGroup;
			children = (
				F5D7206D2112AC5900585A19 /* MaintainDriverClientTests.swift */,
				F5D7206F2112AC5900585A19 /* Info.plist */,
			);
			path = MaintainDriverClientTests;
			sourceTree = "<group>";
		};
		F5D720772112AC5900585A19 /* MaintainDriverClientUITests */ = {
			isa = PBXGroup;
			children = (
				F5D720782112AC5900585A19 /* MaintainDriverClientUITests.swift */,
				F5D7207A2112AC5900585A19 /* Info.plist */,
			);
			path = MaintainDriverClientUITests;
			sourceTree = "<group>";
		};
		F5DF7359211A93E300B9F154 /* Account */ = {
			isa = PBXGroup;
			children = (
				F5DF735A211A93E300B9F154 /* MPAccountViewController.swift */,
				F5DF735B211A93E300B9F154 /* MPTiXianViewController.swift */,
			);
			path = Account;
			sourceTree = "<group>";
		};
		F5DF735C211A93E300B9F154 /* Order */ = {
			isa = PBXGroup;
			children = (
				F5DF735D211A93E300B9F154 /* MPOrderConfirmViewController.swift */,
				F5DF735E211A93E300B9F154 /* MPOrderViewController.swift */,
			);
			path = Order;
			sourceTree = "<group>";
		};
		F5DF735F211A93E300B9F154 /* Home */ = {
			isa = PBXGroup;
			children = (
				F5DF7360211A93E300B9F154 /* MPYiJieDanViewController.swift */,
				F5DF7361211A93E300B9F154 /* MPHomeViewController.swift */,
				F5DF7362211A93E300B9F154 /* MPGongZuoTaiViewController.swift */,
			);
			path = Home;
			sourceTree = "<group>";
		};
		F5DF7363211A93E300B9F154 /* Setting */ = {
			isa = PBXGroup;
			children = (
				F5DF7364211A93E300B9F154 /* MPSettingViewController.swift */,
			);
			path = Setting;
			sourceTree = "<group>";
		};
		F5DF7365211A93E300B9F154 /* Login */ = {
			isa = PBXGroup;
			children = (
				F5DF7366211A93E300B9F154 /* MPLoginViewController.swift */,
			);
			path = Login;
			sourceTree = "<group>";
		};
		F5DF7367211A93E300B9F154 /* Menu */ = {
			isa = PBXGroup;
			children = (
				F5DF7368211A93E300B9F154 /* MPLeftMenuViewController.swift */,
			);
			path = Menu;
			sourceTree = "<group>";
		};
		F5DF7369211A93E300B9F154 /* Other */ = {
			isa = PBXGroup;
			children = (
				F5DF736A211A93E300B9F154 /* MPNavigationController.swift */,
			);
			path = Other;
			sourceTree = "<group>";
		};
		F5DF7376211A94E400B9F154 /* Setting */ = {
			isa = PBXGroup;
			children = (
				F5DF7397211A950900B9F154 /* MPSettingCell.swift */,
				F5BE5F89211E916700D331C8 /* MPEditView.swift */,
			);
			path = Setting;
			sourceTree = "<group>";
		};
		F5DF7377211A94E400B9F154 /* Account */ = {
			isa = PBXGroup;
			children = (
				F5DF7378211A94E400B9F154 /* MPMingXiTableViewCell.swift */,
			);
			path = Account;
			sourceTree = "<group>";
		};
		F5DF7379211A94E400B9F154 /* Menu */ = {
			isa = PBXGroup;
			children = (
				F5DF7399211A953A00B9F154 /* MPMunuViewCell.swift */,
			);
			path = Menu;
			sourceTree = "<group>";
		};
		F5DF737A211A94E400B9F154 /* Login */ = {
			isa = PBXGroup;
			children = (
				F5DF737B211A94E400B9F154 /* MPInputTextFiled.swift */,
				F5DF737C211A94E400B9F154 /* MPLeftIconView.swift */,
				F5DF737D211A94E400B9F154 /* MPSendCodeButton.swift */,
			);
			path = Login;
			sourceTree = "<group>";
		};
		F5DF737E211A94E400B9F154 /* YearCheck */ = {
			isa = PBXGroup;
			children = (
				F5DF737F211A94E400B9F154 /* MPTitleView.swift */,
				F5DF7380211A94E400B9F154 /* MPTwoPhotoTableViewCell.swift */,
				F5DF7381211A94E400B9F154 /* MPFeedbackView.swift */,
				F5DF7382211A94E400B9F154 /* MPYearCheckTitleView.swift */,
				F5DF7383211A94E400B9F154 /* MPHorizonScrollPhotoView.swift */,
				F5DF73A2211AF81F00B9F154 /* MPQuCheCCell.swift */,
			);
			path = YearCheck;
			sourceTree = "<group>";
		};
		F5DF7384211A94E400B9F154 /* Home */ = {
			isa = PBXGroup;
			children = (
			);
			path = Home;
			sourceTree = "<group>";
		};
		F5DF7385211A94E400B9F154 /* Order */ = {
			isa = PBXGroup;
			children = (
				F5DF7386211A94E400B9F154 /* MPFooterConfirmView.swift */,
				F5DF7387211A94E400B9F154 /* MPNewOrderTipsView.swift */,
				F5DF7388211A94E400B9F154 /* MPOrderTableViewCell.swift */,
				F5DF7389211A94E400B9F154 /* MPOrderConfrimTableViewCell.swift */,
				F5DF739E211AEF2200B9F154 /* MPCheckBoxOrderTableViewCell.swift */,
			);
			path = Order;
			sourceTree = "<group>";
		};
		F5DF739B211AE9DA00B9F154 /* Other */ = {
			isa = PBXGroup;
			children = (
				F5DF739C211AE9F000B9F154 /* MPImageButtonView.swift */,
				F5BE5F8B211EB74900D331C8 /* MPTipsView.swift */,
			);
			path = Other;
			sourceTree = "<group>";
		};
/* End PBXGroup section */

/* Begin PBXNativeTarget section */
		F5D720542112AC5500585A19 /* MaintainDriverClient */ = {
			isa = PBXNativeTarget;
			buildConfigurationList = F5D7207D2112AC5900585A19 /* Build configuration list for PBXNativeTarget "MaintainDriverClient" */;
			buildPhases = (
				346888A013E7C1B0C2B16EBC /* [CP] Check Pods Manifest.lock */,
				F5D720512112AC5500585A19 /* Sources */,
				F5D720522112AC5500585A19 /* Frameworks */,
				F5D720532112AC5500585A19 /* Resources */,
				F5D7208F2112D65200585A19 /* Embed Frameworks */,
				5684B4F2BA0E326D795C28FA /* [CP] Embed Pods Frameworks */,
				1D7CC030E295B6428C82CDE5 /* [CP] Copy Pods Resources */,
			);
			buildRules = (
			);
			dependencies = (
			);
			name = MaintainDriverClient;
			productName = MaintainDriverClient;
			productReference = F5D720552112AC5500585A19 /* MaintainDriverClient.app */;
			productType = "com.apple.product-type.application";
		};
		F5D720682112AC5900585A19 /* MaintainDriverClientTests */ = {
			isa = PBXNativeTarget;
			buildConfigurationList = F5D720802112AC5900585A19 /* Build configuration list for PBXNativeTarget "MaintainDriverClientTests" */;
			buildPhases = (
				982F15EE1FB5B55D3B9B9181 /* [CP] Check Pods Manifest.lock */,
				F5D720652112AC5900585A19 /* Sources */,
				F5D720662112AC5900585A19 /* Frameworks */,
				F5D720672112AC5900585A19 /* Resources */,
			);
			buildRules = (
			);
			dependencies = (
				F5D7206B2112AC5900585A19 /* PBXTargetDependency */,
			);
			name = MaintainDriverClientTests;
			productName = MaintainDriverClientTests;
			productReference = F5D720692112AC5900585A19 /* MaintainDriverClientTests.xctest */;
			productType = "com.apple.product-type.bundle.unit-test";
		};
		F5D720732112AC5900585A19 /* MaintainDriverClientUITests */ = {
			isa = PBXNativeTarget;
			buildConfigurationList = F5D720832112AC5900585A19 /* Build configuration list for PBXNativeTarget "MaintainDriverClientUITests" */;
			buildPhases = (
				F71DA23371F120AF30894D6C /* [CP] Check Pods Manifest.lock */,
				F5D720702112AC5900585A19 /* Sources */,
				F5D720712112AC5900585A19 /* Frameworks */,
				F5D720722112AC5900585A19 /* Resources */,
			);
			buildRules = (
			);
			dependencies = (
				F5D720762112AC5900585A19 /* PBXTargetDependency */,
			);
			name = MaintainDriverClientUITests;
			productName = MaintainDriverClientUITests;
			productReference = F5D720742112AC5900585A19 /* MaintainDriverClientUITests.xctest */;
			productType = "com.apple.product-type.bundle.ui-testing";
		};
/* End PBXNativeTarget section */

/* Begin PBXProject section */
		F5D7204D2112AC5500585A19 /* Project object */ = {
			isa = PBXProject;
			attributes = {
				CLASSPREFIX = MP;
				LastSwiftUpdateCheck = 0940;
				LastUpgradeCheck = 0940;
				ORGANIZATIONNAME = Maple;
				TargetAttributes = {
					F5D720542112AC5500585A19 = {
						CreatedOnToolsVersion = 9.4.1;
						ProvisioningStyle = Automatic;
						SystemCapabilities = {
							com.apple.BackgroundModes = {
								enabled = 1;
							};
						};
					};
					F5D720682112AC5900585A19 = {
						CreatedOnToolsVersion = 9.4.1;
						ProvisioningStyle = Automatic;
						TestTargetID = F5D720542112AC5500585A19;
					};
					F5D720732112AC5900585A19 = {
						CreatedOnToolsVersion = 9.4.1;
						ProvisioningStyle = Automatic;
						TestTargetID = F5D720542112AC5500585A19;
					};
				};
			};
			buildConfigurationList = F5D720502112AC5500585A19 /* Build configuration list for PBXProject "MaintainDriverClient" */;
			compatibilityVersion = "Xcode 8.0";
			developmentRegion = en;
			hasScannedForEncodings = 0;
			knownRegions = (
				en,
				Base,
			);
			mainGroup = F5D7204C2112AC5500585A19;
			productRefGroup = F5D720562112AC5500585A19 /* Products */;
			projectDirPath = "";
			projectRoot = "";
			targets = (
				F5D720542112AC5500585A19 /* MaintainDriverClient */,
				F5D720682112AC5900585A19 /* MaintainDriverClientTests */,
				F5D720732112AC5900585A19 /* MaintainDriverClientUITests */,
			);
		};
/* End PBXProject section */

/* Begin PBXResourcesBuildPhase section */
		F5D720532112AC5500585A19 /* Resources */ = {
			isa = PBXResourcesBuildPhase;
			buildActionMask = 2147483647;
			files = (
				F5D720632112AC5800585A19 /* LaunchScreen.storyboard in Resources */,
				F5D720602112AC5800585A19 /* Assets.xcassets in Resources */,
			);
			runOnlyForDeploymentPostprocessing = 0;
		};
		F5D720672112AC5900585A19 /* Resources */ = {
			isa = PBXResourcesBuildPhase;
			buildActionMask = 2147483647;
			files = (
			);
			runOnlyForDeploymentPostprocessing = 0;
		};
		F5D720722112AC5900585A19 /* Resources */ = {
			isa = PBXResourcesBuildPhase;
			buildActionMask = 2147483647;
			files = (
			);
			runOnlyForDeploymentPostprocessing = 0;
		};
/* End PBXResourcesBuildPhase section */

/* Begin PBXShellScriptBuildPhase section */
		1D7CC030E295B6428C82CDE5 /* [CP] Copy Pods Resources */ = {
			isa = PBXShellScriptBuildPhase;
			buildActionMask = 2147483647;
			files = (
			);
			inputPaths = (
				"${SRCROOT}/Pods/Target Support Files/Pods-MaintainDriverClient/Pods-MaintainDriverClient-resources.sh",
				"${PODS_ROOT}/AMap3DMap/MAMapKit.framework/AMap.bundle",
				"${PODS_ROOT}/AMapNavi/AMapNaviKit.framework/AMapNavi.bundle",
			);
			name = "[CP] Copy Pods Resources";
			outputPaths = (
				"${TARGET_BUILD_DIR}/${UNLOCALIZED_RESOURCES_FOLDER_PATH}/AMap.bundle",
				"${TARGET_BUILD_DIR}/${UNLOCALIZED_RESOURCES_FOLDER_PATH}/AMapNavi.bundle",
			);
			runOnlyForDeploymentPostprocessing = 0;
			shellPath = /bin/sh;
			shellScript = "\"${SRCROOT}/Pods/Target Support Files/Pods-MaintainDriverClient/Pods-MaintainDriverClient-resources.sh\"\n";
			showEnvVarsInLog = 0;
		};
		346888A013E7C1B0C2B16EBC /* [CP] Check Pods Manifest.lock */ = {
			isa = PBXShellScriptBuildPhase;
			buildActionMask = 2147483647;
			files = (
			);
			inputPaths = (
				"${PODS_PODFILE_DIR_PATH}/Podfile.lock",
				"${PODS_ROOT}/Manifest.lock",
			);
			name = "[CP] Check Pods Manifest.lock";
			outputPaths = (
				"$(DERIVED_FILE_DIR)/Pods-MaintainDriverClient-checkManifestLockResult.txt",
			);
			runOnlyForDeploymentPostprocessing = 0;
			shellPath = /bin/sh;
			shellScript = "diff \"${PODS_PODFILE_DIR_PATH}/Podfile.lock\" \"${PODS_ROOT}/Manifest.lock\" > /dev/null\nif [ $? != 0 ] ; then\n    # print error to STDERR\n    echo \"error: The sandbox is not in sync with the Podfile.lock. Run 'pod install' or update your CocoaPods installation.\" >&2\n    exit 1\nfi\n# This output is used by Xcode 'outputs' to avoid re-running this script phase.\necho \"SUCCESS\" > \"${SCRIPT_OUTPUT_FILE_0}\"\n";
			showEnvVarsInLog = 0;
		};
		5684B4F2BA0E326D795C28FA /* [CP] Embed Pods Frameworks */ = {
			isa = PBXShellScriptBuildPhase;
			buildActionMask = 2147483647;
			files = (
			);
			inputPaths = (
				"${SRCROOT}/Pods/Target Support Files/Pods-MaintainDriverClient/Pods-MaintainDriverClient-frameworks.sh",
				"${BUILT_PRODUCTS_DIR}/Alamofire/Alamofire.framework",
				"${BUILT_PRODUCTS_DIR}/Kingfisher/Kingfisher.framework",
				"${BUILT_PRODUCTS_DIR}/MBProgressHUD/MBProgressHUD.framework",
				"${BUILT_PRODUCTS_DIR}/MJRefresh/MJRefresh.framework",
				"${BUILT_PRODUCTS_DIR}/Moya/Moya.framework",
				"${BUILT_PRODUCTS_DIR}/Result/Result.framework",
				"${BUILT_PRODUCTS_DIR}/SlideMenuControllerSwift/SlideMenuControllerSwift.framework",
				"${BUILT_PRODUCTS_DIR}/SnapKit/SnapKit.framework",
				"${BUILT_PRODUCTS_DIR}/TZImagePickerController/TZImagePickerController.framework",
			);
			name = "[CP] Embed Pods Frameworks";
			outputPaths = (
				"${TARGET_BUILD_DIR}/${FRAMEWORKS_FOLDER_PATH}/Alamofire.framework",
				"${TARGET_BUILD_DIR}/${FRAMEWORKS_FOLDER_PATH}/Kingfisher.framework",
				"${TARGET_BUILD_DIR}/${FRAMEWORKS_FOLDER_PATH}/MBProgressHUD.framework",
				"${TARGET_BUILD_DIR}/${FRAMEWORKS_FOLDER_PATH}/MJRefresh.framework",
				"${TARGET_BUILD_DIR}/${FRAMEWORKS_FOLDER_PATH}/Moya.framework",
				"${TARGET_BUILD_DIR}/${FRAMEWORKS_FOLDER_PATH}/Result.framework",
				"${TARGET_BUILD_DIR}/${FRAMEWORKS_FOLDER_PATH}/SlideMenuControllerSwift.framework",
				"${TARGET_BUILD_DIR}/${FRAMEWORKS_FOLDER_PATH}/SnapKit.framework",
				"${TARGET_BUILD_DIR}/${FRAMEWORKS_FOLDER_PATH}/TZImagePickerController.framework",
			);
			runOnlyForDeploymentPostprocessing = 0;
			shellPath = /bin/sh;
			shellScript = "\"${SRCROOT}/Pods/Target Support Files/Pods-MaintainDriverClient/Pods-MaintainDriverClient-frameworks.sh\"\n";
			showEnvVarsInLog = 0;
		};
		982F15EE1FB5B55D3B9B9181 /* [CP] Check Pods Manifest.lock */ = {
			isa = PBXShellScriptBuildPhase;
			buildActionMask = 2147483647;
			files = (
			);
			inputPaths = (
				"${PODS_PODFILE_DIR_PATH}/Podfile.lock",
				"${PODS_ROOT}/Manifest.lock",
			);
			name = "[CP] Check Pods Manifest.lock";
			outputPaths = (
				"$(DERIVED_FILE_DIR)/Pods-MaintainDriverClientTests-checkManifestLockResult.txt",
			);
			runOnlyForDeploymentPostprocessing = 0;
			shellPath = /bin/sh;
			shellScript = "diff \"${PODS_PODFILE_DIR_PATH}/Podfile.lock\" \"${PODS_ROOT}/Manifest.lock\" > /dev/null\nif [ $? != 0 ] ; then\n    # print error to STDERR\n    echo \"error: The sandbox is not in sync with the Podfile.lock. Run 'pod install' or update your CocoaPods installation.\" >&2\n    exit 1\nfi\n# This output is used by Xcode 'outputs' to avoid re-running this script phase.\necho \"SUCCESS\" > \"${SCRIPT_OUTPUT_FILE_0}\"\n";
			showEnvVarsInLog = 0;
		};
		F71DA23371F120AF30894D6C /* [CP] Check Pods Manifest.lock */ = {
			isa = PBXShellScriptBuildPhase;
			buildActionMask = 2147483647;
			files = (
			);
			inputPaths = (
				"${PODS_PODFILE_DIR_PATH}/Podfile.lock",
				"${PODS_ROOT}/Manifest.lock",
			);
			name = "[CP] Check Pods Manifest.lock";
			outputPaths = (
				"$(DERIVED_FILE_DIR)/Pods-MaintainDriverClientUITests-checkManifestLockResult.txt",
			);
			runOnlyForDeploymentPostprocessing = 0;
			shellPath = /bin/sh;
			shellScript = "diff \"${PODS_PODFILE_DIR_PATH}/Podfile.lock\" \"${PODS_ROOT}/Manifest.lock\" > /dev/null\nif [ $? != 0 ] ; then\n    # print error to STDERR\n    echo \"error: The sandbox is not in sync with the Podfile.lock. Run 'pod install' or update your CocoaPods installation.\" >&2\n    exit 1\nfi\n# This output is used by Xcode 'outputs' to avoid re-running this script phase.\necho \"SUCCESS\" > \"${SCRIPT_OUTPUT_FILE_0}\"\n";
			showEnvVarsInLog = 0;
		};
/* End PBXShellScriptBuildPhase section */

/* Begin PBXSourcesBuildPhase section */
		F5D720512112AC5500585A19 /* Sources */ = {
			isa = PBXSourcesBuildPhase;
			buildActionMask = 2147483647;
			files = (
				F52A5818211991160054B90D /* MPStartYearCheckViewController2.swift in Sources */,
				F5867E60211D7F4600F8A07D /* MPApiType.swift in Sources */,
				F5A63342211700BA0075548A /* UITableView+FDTemplateLayoutCellDebug.m in Sources */,
				F5A63343211700BA0075548A /* UITableView+FDIndexPathHeightCache.m in Sources */,
				F5DF736D211A93E300B9F154 /* MPOrderConfirmViewController.swift in Sources */,
				F5BE5F8A211E916700D331C8 /* MPEditView.swift in Sources */,
				F5DF738E211A94E400B9F154 /* MPTitleView.swift in Sources */,
				F52A5812211974520054B90D /* MPStartYearCheckViewController.swift in Sources */,
				F5DF738D211A94E400B9F154 /* MPSendCodeButton.swift in Sources */,
				F5DF739D211AE9F000B9F154 /* MPImageButtonView.swift in Sources */,
				F5DF7370211A93E300B9F154 /* MPHomeViewController.swift in Sources */,
				F5DF736C211A93E300B9F154 /* MPTiXianViewController.swift in Sources */,
				F5DF7398211A950900B9F154 /* MPSettingCell.swift in Sources */,
				F5DF7394211A94E400B9F154 /* MPNewOrderTipsView.swift in Sources */,
				F5DF738B211A94E400B9F154 /* MPInputTextFiled.swift in Sources */,
				F5DF739A211A953A00B9F154 /* MPMunuViewCell.swift in Sources */,
				F50D4DE821183E3D006C50C7 /* MPYearCheckViewController.swift in Sources */,
				F5DF738C211A94E400B9F154 /* MPLeftIconView.swift in Sources */,
				F5DF7395211A94E400B9F154 /* MPOrderTableViewCell.swift in Sources */,
				F5DF736F211A93E300B9F154 /* MPYiJieDanViewController.swift in Sources */,
				F5031F97212126E500329BC0 /* MPConstant.swift in Sources */,
				F5DF7374211A93E300B9F154 /* MPLeftMenuViewController.swift in Sources */,
				F50D4DF02118567D006C50C7 /* MPQuCheViewController2.swift in Sources */,
				F5DF736E211A93E300B9F154 /* MPOrderViewController.swift in Sources */,
				F52A581A211993700054B90D /* MPCheckOutFinishViewController1.swift in Sources */,
				F5DF7393211A94E400B9F154 /* MPFooterConfirmView.swift in Sources */,
				F5DF73A1211AF15C00B9F154 /* MPOrderModel.swift in Sources */,
				F52A581C2119938A0054B90D /* MPCheckOutFinishViewController2.swift in Sources */,
				F5A6334B211728520075548A /* Extension.swift in Sources */,
				F5DF7396211A94E400B9F154 /* MPOrderConfrimTableViewCell.swift in Sources */,
				F5DF7390211A94E400B9F154 /* MPFeedbackView.swift in Sources */,
				F5A6331B2116DA530075548A /* MPUtils.swift in Sources */,
				F5D720592112AC5500585A19 /* AppDelegate.swift in Sources */,
				F5DF7392211A94E400B9F154 /* MPHorizonScrollPhotoView.swift in Sources */,
				F5DF738A211A94E400B9F154 /* MPMingXiTableViewCell.swift in Sources */,
				F5A63341211700BA0075548A /* UITableView+FDKeyedHeightCache.m in Sources */,
				F5BE5F8C211EB74900D331C8 /* MPTipsView.swift in Sources */,
				F5DF73A3211AF81F00B9F154 /* MPQuCheCCell.swift in Sources */,
				F5DF7372211A93E300B9F154 /* MPSettingViewController.swift in Sources */,
				F5DF7371211A93E300B9F154 /* MPGongZuoTaiViewController.swift in Sources */,
				F50D4DE1211823F5006C50C7 /* UIImageView+LBBlurredImage.m in Sources */,
				F5A63340211700BA0075548A /* UITableView+FDTemplateLayoutCell.m in Sources */,
				F5DF7373211A93E300B9F154 /* MPLoginViewController.swift in Sources */,
				F5DF738F211A94E400B9F154 /* MPTwoPhotoTableViewCell.swift in Sources */,
				F5DF7391211A94E400B9F154 /* MPYearCheckTitleView.swift in Sources */,
				F50D4DEE21185668006C50C7 /* MPQuCheViewController1.swift in Sources */,
				F5DF7375211A93E300B9F154 /* MPNavigationController.swift in Sources */,
				F5DF736B211A93E300B9F154 /* MPAccountViewController.swift in Sources */,
				F5DF739F211AEF2200B9F154 /* MPCheckBoxOrderTableViewCell.swift in Sources */,
			);
			runOnlyForDeploymentPostprocessing = 0;
		};
		F5D720652112AC5900585A19 /* Sources */ = {
			isa = PBXSourcesBuildPhase;
			buildActionMask = 2147483647;
			files = (
				F5D7206E2112AC5900585A19 /* MaintainDriverClientTests.swift in Sources */,
			);
			runOnlyForDeploymentPostprocessing = 0;
		};
		F5D720702112AC5900585A19 /* Sources */ = {
			isa = PBXSourcesBuildPhase;
			buildActionMask = 2147483647;
			files = (
				F5D720792112AC5900585A19 /* MaintainDriverClientUITests.swift in Sources */,
			);
			runOnlyForDeploymentPostprocessing = 0;
		};
/* End PBXSourcesBuildPhase section */

/* Begin PBXTargetDependency section */
		F5D7206B2112AC5900585A19 /* PBXTargetDependency */ = {
			isa = PBXTargetDependency;
			target = F5D720542112AC5500585A19 /* MaintainDriverClient */;
			targetProxy = F5D7206A2112AC5900585A19 /* PBXContainerItemProxy */;
		};
		F5D720762112AC5900585A19 /* PBXTargetDependency */ = {
			isa = PBXTargetDependency;
			target = F5D720542112AC5500585A19 /* MaintainDriverClient */;
			targetProxy = F5D720752112AC5900585A19 /* PBXContainerItemProxy */;
		};
/* End PBXTargetDependency section */

/* Begin PBXVariantGroup section */
		F5D720612112AC5800585A19 /* LaunchScreen.storyboard */ = {
			isa = PBXVariantGroup;
			children = (
				F5D720622112AC5800585A19 /* Base */,
			);
			name = LaunchScreen.storyboard;
			sourceTree = "<group>";
		};
/* End PBXVariantGroup section */

/* Begin XCBuildConfiguration section */
		F5D7207B2112AC5900585A19 /* Debug */ = {
			isa = XCBuildConfiguration;
			buildSettings = {
				ALWAYS_SEARCH_USER_PATHS = NO;
				CLANG_ANALYZER_NONNULL = YES;
				CLANG_ANALYZER_NUMBER_OBJECT_CONVERSION = YES_AGGRESSIVE;
				CLANG_CXX_LANGUAGE_STANDARD = "gnu++14";
				CLANG_CXX_LIBRARY = "libc++";
				CLANG_ENABLE_MODULES = YES;
				CLANG_ENABLE_OBJC_ARC = YES;
				CLANG_ENABLE_OBJC_WEAK = YES;
				CLANG_WARN_BLOCK_CAPTURE_AUTORELEASING = YES;
				CLANG_WARN_BOOL_CONVERSION = YES;
				CLANG_WARN_COMMA = YES;
				CLANG_WARN_CONSTANT_CONVERSION = YES;
				CLANG_WARN_DEPRECATED_OBJC_IMPLEMENTATIONS = YES;
				CLANG_WARN_DIRECT_OBJC_ISA_USAGE = YES_ERROR;
				CLANG_WARN_DOCUMENTATION_COMMENTS = YES;
				CLANG_WARN_EMPTY_BODY = YES;
				CLANG_WARN_ENUM_CONVERSION = YES;
				CLANG_WARN_INFINITE_RECURSION = YES;
				CLANG_WARN_INT_CONVERSION = YES;
				CLANG_WARN_NON_LITERAL_NULL_CONVERSION = YES;
				CLANG_WARN_OBJC_IMPLICIT_RETAIN_SELF = YES;
				CLANG_WARN_OBJC_LITERAL_CONVERSION = YES;
				CLANG_WARN_OBJC_ROOT_CLASS = YES_ERROR;
				CLANG_WARN_RANGE_LOOP_ANALYSIS = YES;
				CLANG_WARN_STRICT_PROTOTYPES = YES;
				CLANG_WARN_SUSPICIOUS_MOVE = YES;
				CLANG_WARN_UNGUARDED_AVAILABILITY = YES_AGGRESSIVE;
				CLANG_WARN_UNREACHABLE_CODE = YES;
				CLANG_WARN__DUPLICATE_METHOD_MATCH = YES;
				CODE_SIGN_IDENTITY = "iPhone Developer";
				COPY_PHASE_STRIP = NO;
				DEBUG_INFORMATION_FORMAT = dwarf;
				ENABLE_STRICT_OBJC_MSGSEND = YES;
				ENABLE_TESTABILITY = YES;
				GCC_C_LANGUAGE_STANDARD = gnu11;
				GCC_DYNAMIC_NO_PIC = NO;
				GCC_NO_COMMON_BLOCKS = YES;
				GCC_OPTIMIZATION_LEVEL = 0;
				GCC_PREPROCESSOR_DEFINITIONS = (
					"DEBUG=1",
					"$(inherited)",
				);
				GCC_WARN_64_TO_32_BIT_CONVERSION = YES;
				GCC_WARN_ABOUT_RETURN_TYPE = YES_ERROR;
				GCC_WARN_UNDECLARED_SELECTOR = YES;
				GCC_WARN_UNINITIALIZED_AUTOS = YES_AGGRESSIVE;
				GCC_WARN_UNUSED_FUNCTION = YES;
				GCC_WARN_UNUSED_VARIABLE = YES;
				IPHONEOS_DEPLOYMENT_TARGET = 9.0;
				MTL_ENABLE_DEBUG_INFO = YES;
				ONLY_ACTIVE_ARCH = YES;
				SDKROOT = iphoneos;
				SWIFT_ACTIVE_COMPILATION_CONDITIONS = DEBUG;
				SWIFT_OPTIMIZATION_LEVEL = "-Onone";
			};
			name = Debug;
		};
		F5D7207C2112AC5900585A19 /* Release */ = {
			isa = XCBuildConfiguration;
			buildSettings = {
				ALWAYS_SEARCH_USER_PATHS = NO;
				CLANG_ANALYZER_NONNULL = YES;
				CLANG_ANALYZER_NUMBER_OBJECT_CONVERSION = YES_AGGRESSIVE;
				CLANG_CXX_LANGUAGE_STANDARD = "gnu++14";
				CLANG_CXX_LIBRARY = "libc++";
				CLANG_ENABLE_MODULES = YES;
				CLANG_ENABLE_OBJC_ARC = YES;
				CLANG_ENABLE_OBJC_WEAK = YES;
				CLANG_WARN_BLOCK_CAPTURE_AUTORELEASING = YES;
				CLANG_WARN_BOOL_CONVERSION = YES;
				CLANG_WARN_COMMA = YES;
				CLANG_WARN_CONSTANT_CONVERSION = YES;
				CLANG_WARN_DEPRECATED_OBJC_IMPLEMENTATIONS = YES;
				CLANG_WARN_DIRECT_OBJC_ISA_USAGE = YES_ERROR;
				CLANG_WARN_DOCUMENTATION_COMMENTS = YES;
				CLANG_WARN_EMPTY_BODY = YES;
				CLANG_WARN_ENUM_CONVERSION = YES;
				CLANG_WARN_INFINITE_RECURSION = YES;
				CLANG_WARN_INT_CONVERSION = YES;
				CLANG_WARN_NON_LITERAL_NULL_CONVERSION = YES;
				CLANG_WARN_OBJC_IMPLICIT_RETAIN_SELF = YES;
				CLANG_WARN_OBJC_LITERAL_CONVERSION = YES;
				CLANG_WARN_OBJC_ROOT_CLASS = YES_ERROR;
				CLANG_WARN_RANGE_LOOP_ANALYSIS = YES;
				CLANG_WARN_STRICT_PROTOTYPES = YES;
				CLANG_WARN_SUSPICIOUS_MOVE = YES;
				CLANG_WARN_UNGUARDED_AVAILABILITY = YES_AGGRESSIVE;
				CLANG_WARN_UNREACHABLE_CODE = YES;
				CLANG_WARN__DUPLICATE_METHOD_MATCH = YES;
				CODE_SIGN_IDENTITY = "iPhone Developer";
				COPY_PHASE_STRIP = NO;
				DEBUG_INFORMATION_FORMAT = "dwarf-with-dsym";
				ENABLE_NS_ASSERTIONS = NO;
				ENABLE_STRICT_OBJC_MSGSEND = YES;
				GCC_C_LANGUAGE_STANDARD = gnu11;
				GCC_NO_COMMON_BLOCKS = YES;
				GCC_WARN_64_TO_32_BIT_CONVERSION = YES;
				GCC_WARN_ABOUT_RETURN_TYPE = YES_ERROR;
				GCC_WARN_UNDECLARED_SELECTOR = YES;
				GCC_WARN_UNINITIALIZED_AUTOS = YES_AGGRESSIVE;
				GCC_WARN_UNUSED_FUNCTION = YES;
				GCC_WARN_UNUSED_VARIABLE = YES;
				IPHONEOS_DEPLOYMENT_TARGET = 9.0;
				MTL_ENABLE_DEBUG_INFO = NO;
				SDKROOT = iphoneos;
				SWIFT_OPTIMIZATION_LEVEL = "-Owholemodule";
				VALIDATE_PRODUCT = YES;
			};
			name = Release;
		};
		F5D7207E2112AC5900585A19 /* Debug */ = {
			isa = XCBuildConfiguration;
			baseConfigurationReference = 02B61D9DEE07324DDA6735D9 /* Pods-MaintainDriverClient.debug.xcconfig */;
			buildSettings = {
				ASSETCATALOG_COMPILER_APPICON_NAME = AppIcon;
				CODE_SIGN_STYLE = Automatic;
				DEVELOPMENT_TEAM = 53D2P848US;
				FRAMEWORK_SEARCH_PATHS = (
					"$(inherited)",
					"$(PROJECT_DIR)/Carthage/Build/iOS",
					"$(PROJECT_DIR)/MaintainDriverClient/Frameword/GaoDeMap",
				);
				INFOPLIST_FILE = MaintainDriverClient/Info.plist;
				LD_RUNPATH_SEARCH_PATHS = "$(inherited) @executable_path/Frameworks";
				PRODUCT_BUNDLE_IDENTIFIER = com.mayi.MaintainDriverClient;
				PRODUCT_NAME = "$(TARGET_NAME)";
				SWIFT_OBJC_BRIDGING_HEADER = Header.h;
				SWIFT_VERSION = 4.0;
				TARGETED_DEVICE_FAMILY = 1;
			};
			name = Debug;
		};
		F5D7207F2112AC5900585A19 /* Release */ = {
			isa = XCBuildConfiguration;
			baseConfigurationReference = 4371321C7CF3066700812709 /* Pods-MaintainDriverClient.release.xcconfig */;
			buildSettings = {
				ASSETCATALOG_COMPILER_APPICON_NAME = AppIcon;
				CODE_SIGN_STYLE = Automatic;
				DEVELOPMENT_TEAM = 53D2P848US;
				FRAMEWORK_SEARCH_PATHS = (
					"$(inherited)",
					"$(PROJECT_DIR)/Carthage/Build/iOS",
					"$(PROJECT_DIR)/MaintainDriverClient/Frameword/GaoDeMap",
				);
				INFOPLIST_FILE = MaintainDriverClient/Info.plist;
				LD_RUNPATH_SEARCH_PATHS = "$(inherited) @executable_path/Frameworks";
				PRODUCT_BUNDLE_IDENTIFIER = com.mayi.MaintainDriverClient;
				PRODUCT_NAME = "$(TARGET_NAME)";
				SWIFT_OBJC_BRIDGING_HEADER = Header.h;
				SWIFT_VERSION = 4.0;
				TARGETED_DEVICE_FAMILY = 1;
			};
			name = Release;
		};
		F5D720812112AC5900585A19 /* Debug */ = {
			isa = XCBuildConfiguration;
			baseConfigurationReference = 6DE9282462F89B078825D579 /* Pods-MaintainDriverClientTests.debug.xcconfig */;
			buildSettings = {
				ALWAYS_EMBED_SWIFT_STANDARD_LIBRARIES = YES;
				BUNDLE_LOADER = "$(TEST_HOST)";
				CODE_SIGN_STYLE = Automatic;
				DEVELOPMENT_TEAM = 53D2P848US;
				INFOPLIST_FILE = MaintainDriverClientTests/Info.plist;
				LD_RUNPATH_SEARCH_PATHS = "$(inherited) @executable_path/Frameworks @loader_path/Frameworks";
				PRODUCT_BUNDLE_IDENTIFIER = com.mayi.MaintainDriverClient.MaintainDriverClientTests;
				PRODUCT_NAME = "$(TARGET_NAME)";
				SWIFT_VERSION = 4.0;
				TARGETED_DEVICE_FAMILY = "1,2";
				TEST_HOST = "$(BUILT_PRODUCTS_DIR)/MaintainDriverClient.app/MaintainDriverClient";
			};
			name = Debug;
		};
		F5D720822112AC5900585A19 /* Release */ = {
			isa = XCBuildConfiguration;
			baseConfigurationReference = 933E4E24AB834923AD3EAF95 /* Pods-MaintainDriverClientTests.release.xcconfig */;
			buildSettings = {
				ALWAYS_EMBED_SWIFT_STANDARD_LIBRARIES = YES;
				BUNDLE_LOADER = "$(TEST_HOST)";
				CODE_SIGN_STYLE = Automatic;
				DEVELOPMENT_TEAM = 53D2P848US;
				INFOPLIST_FILE = MaintainDriverClientTests/Info.plist;
				LD_RUNPATH_SEARCH_PATHS = "$(inherited) @executable_path/Frameworks @loader_path/Frameworks";
				PRODUCT_BUNDLE_IDENTIFIER = com.mayi.MaintainDriverClient.MaintainDriverClientTests;
				PRODUCT_NAME = "$(TARGET_NAME)";
				SWIFT_VERSION = 4.0;
				TARGETED_DEVICE_FAMILY = "1,2";
				TEST_HOST = "$(BUILT_PRODUCTS_DIR)/MaintainDriverClient.app/MaintainDriverClient";
			};
			name = Release;
		};
		F5D720842112AC5900585A19 /* Debug */ = {
			isa = XCBuildConfiguration;
			baseConfigurationReference = 615ED3CECC955D2A9BE97547 /* Pods-MaintainDriverClientUITests.debug.xcconfig */;
			buildSettings = {
				ALWAYS_EMBED_SWIFT_STANDARD_LIBRARIES = YES;
				CODE_SIGN_STYLE = Automatic;
				DEVELOPMENT_TEAM = 53D2P848US;
				INFOPLIST_FILE = MaintainDriverClientUITests/Info.plist;
				LD_RUNPATH_SEARCH_PATHS = "$(inherited) @executable_path/Frameworks @loader_path/Frameworks";
				PRODUCT_BUNDLE_IDENTIFIER = com.mayi.MaintainDriverClient.MaintainDriverClientUITests;
				PRODUCT_NAME = "$(TARGET_NAME)";
				SWIFT_VERSION = 4.0;
				TARGETED_DEVICE_FAMILY = "1,2";
				TEST_TARGET_NAME = MaintainDriverClient;
			};
			name = Debug;
		};
		F5D720852112AC5900585A19 /* Release */ = {
			isa = XCBuildConfiguration;
			baseConfigurationReference = 349F6EAAC56BB8097E0EA41A /* Pods-MaintainDriverClientUITests.release.xcconfig */;
			buildSettings = {
				ALWAYS_EMBED_SWIFT_STANDARD_LIBRARIES = YES;
				CODE_SIGN_STYLE = Automatic;
				DEVELOPMENT_TEAM = 53D2P848US;
				INFOPLIST_FILE = MaintainDriverClientUITests/Info.plist;
				LD_RUNPATH_SEARCH_PATHS = "$(inherited) @executable_path/Frameworks @loader_path/Frameworks";
				PRODUCT_BUNDLE_IDENTIFIER = com.mayi.MaintainDriverClient.MaintainDriverClientUITests;
				PRODUCT_NAME = "$(TARGET_NAME)";
				SWIFT_VERSION = 4.0;
				TARGETED_DEVICE_FAMILY = "1,2";
				TEST_TARGET_NAME = MaintainDriverClient;
			};
			name = Release;
		};
/* End XCBuildConfiguration section */

/* Begin XCConfigurationList section */
		F5D720502112AC5500585A19 /* Build configuration list for PBXProject "MaintainDriverClient" */ = {
			isa = XCConfigurationList;
			buildConfigurations = (
				F5D7207B2112AC5900585A19 /* Debug */,
				F5D7207C2112AC5900585A19 /* Release */,
			);
			defaultConfigurationIsVisible = 0;
			defaultConfigurationName = Release;
		};
		F5D7207D2112AC5900585A19 /* Build configuration list for PBXNativeTarget "MaintainDriverClient" */ = {
			isa = XCConfigurationList;
			buildConfigurations = (
				F5D7207E2112AC5900585A19 /* Debug */,
				F5D7207F2112AC5900585A19 /* Release */,
			);
			defaultConfigurationIsVisible = 0;
			defaultConfigurationName = Release;
		};
		F5D720802112AC5900585A19 /* Build configuration list for PBXNativeTarget "MaintainDriverClientTests" */ = {
			isa = XCConfigurationList;
			buildConfigurations = (
				F5D720812112AC5900585A19 /* Debug */,
				F5D720822112AC5900585A19 /* Release */,
			);
			defaultConfigurationIsVisible = 0;
			defaultConfigurationName = Release;
		};
		F5D720832112AC5900585A19 /* Build configuration list for PBXNativeTarget "MaintainDriverClientUITests" */ = {
			isa = XCConfigurationList;
			buildConfigurations = (
				F5D720842112AC5900585A19 /* Debug */,
				F5D720852112AC5900585A19 /* Release */,
			);
			defaultConfigurationIsVisible = 0;
			defaultConfigurationName = Release;
		};
/* End XCConfigurationList section */
	};
	rootObject = F5D7204D2112AC5500585A19 /* Project object */;
}
